// !$*UTF8*$!
{
	archiveVersion = 1;
	classes = {
	};
	objectVersion = 55;
	objects = {

/* Begin PBXBuildFile section */
		2D076BCA299D0645008562A1 /* TestApp_NoteListApp.swift in Sources */ = {isa = PBXBuildFile; fileRef = 2D076BC9299D0645008562A1 /* TestApp_NoteListApp.swift */; };
		2D076BCE299D0647008562A1 /* Assets.xcassets in Resources */ = {isa = PBXBuildFile; fileRef = 2D076BCD299D0647008562A1 /* Assets.xcassets */; };
		2D076BD1299D0647008562A1 /* Preview Assets.xcassets in Resources */ = {isa = PBXBuildFile; fileRef = 2D076BD0299D0647008562A1 /* Preview Assets.xcassets */; };
		2D076BDD299D082D008562A1 /* NoteListView.swift in Sources */ = {isa = PBXBuildFile; fileRef = 2D076BDC299D082D008562A1 /* NoteListView.swift */; };
		2D076BDF299D0B1B008562A1 /* EditNoteView.swift in Sources */ = {isa = PBXBuildFile; fileRef = 2D076BDE299D0B1B008562A1 /* EditNoteView.swift */; };
		2D076BE2299D11D9008562A1 /* NoteListContainer.xcdatamodeld in Sources */ = {isa = PBXBuildFile; fileRef = 2D076BE0299D11D9008562A1 /* NoteListContainer.xcdatamodeld */; };
		2D076BE4299D1291008562A1 /* Note.swift in Sources */ = {isa = PBXBuildFile; fileRef = 2D076BE3299D1291008562A1 /* Note.swift */; };
		2D076BE6299D1827008562A1 /* CoreDataManager.swift in Sources */ = {isa = PBXBuildFile; fileRef = 2D076BE5299D1827008562A1 /* CoreDataManager.swift */; };
		2D076BE8299D1C9B008562A1 /* EditNoteViewModel.swift in Sources */ = {isa = PBXBuildFile; fileRef = 2D076BE7299D1C9B008562A1 /* EditNoteViewModel.swift */; };
		2D076C09299E6B73008562A1 /* NoteListViewModel.swift in Sources */ = {isa = PBXBuildFile; fileRef = 2D076C08299E6B73008562A1 /* NoteListViewModel.swift */; };
		2D076C0C299ED578008562A1 /* Font+Extensions.swift in Sources */ = {isa = PBXBuildFile; fileRef = 2D076C0B299ED578008562A1 /* Font+Extensions.swift */; };
		2DE78FB729A0019D00BBC293 /* ImagePicker.swift in Sources */ = {isa = PBXBuildFile; fileRef = 2DE78FB629A0019D00BBC293 /* ImagePicker.swift */; };
		2DE78FBD29A06BA300BBC293 /* View+Extenshions.swift in Sources */ = {isa = PBXBuildFile; fileRef = 2DE78FBC29A06BA300BBC293 /* View+Extenshions.swift */; };
/* End PBXBuildFile section */

/* Begin PBXFileReference section */
		2D076BC6299D0645008562A1 /* TestApp-NoteList.app */ = {isa = PBXFileReference; explicitFileType = wrapper.application; includeInIndex = 0; path = "TestApp-NoteList.app"; sourceTree = BUILT_PRODUCTS_DIR; };
		2D076BC9299D0645008562A1 /* TestApp_NoteListApp.swift */ = {isa = PBXFileReference; lastKnownFileType = sourcecode.swift; path = TestApp_NoteListApp.swift; sourceTree = "<group>"; };
		2D076BCD299D0647008562A1 /* Assets.xcassets */ = {isa = PBXFileReference; lastKnownFileType = folder.assetcatalog; path = Assets.xcassets; sourceTree = "<group>"; };
		2D076BD0299D0647008562A1 /* Preview Assets.xcassets */ = {isa = PBXFileReference; lastKnownFileType = folder.assetcatalog; path = "Preview Assets.xcassets"; sourceTree = "<group>"; };
		2D076BDC299D082D008562A1 /* NoteListView.swift */ = {isa = PBXFileReference; lastKnownFileType = sourcecode.swift; path = NoteListView.swift; sourceTree = "<group>"; };
		2D076BDE299D0B1B008562A1 /* EditNoteView.swift */ = {isa = PBXFileReference; lastKnownFileType = sourcecode.swift; path = EditNoteView.swift; sourceTree = "<group>"; };
		2D076BE1299D11D9008562A1 /* NoteListDataModel.xcdatamodel */ = {isa = PBXFileReference; lastKnownFileType = wrapper.xcdatamodel; path = NoteListDataModel.xcdatamodel; sourceTree = "<group>"; };
		2D076BE3299D1291008562A1 /* Note.swift */ = {isa = PBXFileReference; lastKnownFileType = sourcecode.swift; path = Note.swift; sourceTree = "<group>"; };
		2D076BE5299D1827008562A1 /* CoreDataManager.swift */ = {isa = PBXFileReference; lastKnownFileType = sourcecode.swift; path = CoreDataManager.swift; sourceTree = "<group>"; };
		2D076BE7299D1C9B008562A1 /* EditNoteViewModel.swift */ = {isa = PBXFileReference; lastKnownFileType = sourcecode.swift; path = EditNoteViewModel.swift; sourceTree = "<group>"; };
		2D076C08299E6B73008562A1 /* NoteListViewModel.swift */ = {isa = PBXFileReference; lastKnownFileType = sourcecode.swift; path = NoteListViewModel.swift; sourceTree = "<group>"; };
		2D076C0B299ED578008562A1 /* Font+Extensions.swift */ = {isa = PBXFileReference; lastKnownFileType = sourcecode.swift; path = "Font+Extensions.swift"; sourceTree = "<group>"; };
		2DE78FB629A0019D00BBC293 /* ImagePicker.swift */ = {isa = PBXFileReference; lastKnownFileType = sourcecode.swift; path = ImagePicker.swift; sourceTree = "<group>"; };
		2DE78FBC29A06BA300BBC293 /* View+Extenshions.swift */ = {isa = PBXFileReference; lastKnownFileType = sourcecode.swift; path = "View+Extenshions.swift"; sourceTree = "<group>"; };
/* End PBXFileReference section */

/* Begin PBXFrameworksBuildPhase section */
		2D076BC3299D0645008562A1 /* Frameworks */ = {
			isa = PBXFrameworksBuildPhase;
			buildActionMask = 2147483647;
			files = (
			);
			runOnlyForDeploymentPostprocessing = 0;
		};
/* End PBXFrameworksBuildPhase section */

/* Begin PBXGroup section */
		2D076BBD299D0645008562A1 = {
			isa = PBXGroup;
			children = (
				2D076BC8299D0645008562A1 /* TestApp-NoteList */,
				2D076BC7299D0645008562A1 /* Products */,
			);
			sourceTree = "<group>";
		};
		2D076BC7299D0645008562A1 /* Products */ = {
			isa = PBXGroup;
			children = (
				2D076BC6299D0645008562A1 /* TestApp-NoteList.app */,
			);
			name = Products;
			sourceTree = "<group>";
		};
		2D076BC8299D0645008562A1 /* TestApp-NoteList */ = {
			isa = PBXGroup;
			children = (
				2D076BC9299D0645008562A1 /* TestApp_NoteListApp.swift */,
				2DE78FB929A030A700BBC293 /* Core */,
				2DE78FBA29A0465800BBC293 /* Views */,
				2DE78FBB29A0469600BBC293 /* Services */,
				2DE78FB829A0308D00BBC293 /* Models */,
				2D076C0A299ED54A008562A1 /* Extensions */,
				2D076BCF299D0647008562A1 /* Preview Content */,
				2D076BCD299D0647008562A1 /* Assets.xcassets */,
				2D076BE0299D11D9008562A1 /* NoteListContainer.xcdatamodeld */,
			);
			path = "TestApp-NoteList";
			sourceTree = "<group>";
		};
		2D076BCF299D0647008562A1 /* Preview Content */ = {
			isa = PBXGroup;
			children = (
				2D076BD0299D0647008562A1 /* Preview Assets.xcassets */,
			);
			path = "Preview Content";
			sourceTree = "<group>";
		};
		2D076C0A299ED54A008562A1 /* Extensions */ = {
			isa = PBXGroup;
			children = (
				2D076C0B299ED578008562A1 /* Font+Extensions.swift */,
				2DE78FBC29A06BA300BBC293 /* View+Extenshions.swift */,
			);
			path = Extensions;
			sourceTree = "<group>";
		};
		2DE78FB829A0308D00BBC293 /* Models */ = {
			isa = PBXGroup;
			children = (
				2D076BE3299D1291008562A1 /* Note.swift */,
			);
			path = Models;
			sourceTree = "<group>";
		};
		2DE78FB929A030A700BBC293 /* Core */ = {
			isa = PBXGroup;
			children = (
				2D076BDC299D082D008562A1 /* NoteListView.swift */,
				2D076C08299E6B73008562A1 /* NoteListViewModel.swift */,
				2D076BDE299D0B1B008562A1 /* EditNoteView.swift */,
				2D076BE7299D1C9B008562A1 /* EditNoteViewModel.swift */,
			);
			path = Core;
			sourceTree = "<group>";
		};
		2DE78FBA29A0465800BBC293 /* Views */ = {
			isa = PBXGroup;
			children = (
				2DE78FB629A0019D00BBC293 /* ImagePicker.swift */,
			);
			path = Views;
			sourceTree = "<group>";
		};
		2DE78FBB29A0469600BBC293 /* Services */ = {
			isa = PBXGroup;
			children = (
				2D076BE5299D1827008562A1 /* CoreDataManager.swift */,
			);
			path = Services;
			sourceTree = "<group>";
		};
/* End PBXGroup section */

/* Begin PBXNativeTarget section */
		2D076BC5299D0645008562A1 /* TestApp-NoteList */ = {
			isa = PBXNativeTarget;
			buildConfigurationList = 2D076BD9299D0647008562A1 /* Build configuration list for PBXNativeTarget "TestApp-NoteList" */;
			buildPhases = (
				2D076BC2299D0645008562A1 /* Sources */,
				2D076BC3299D0645008562A1 /* Frameworks */,
				2D076BC4299D0645008562A1 /* Resources */,
			);
			buildRules = (
			);
			dependencies = (
			);
			name = "TestApp-NoteList";
			productName = "TestApp-NoteList";
			productReference = 2D076BC6299D0645008562A1 /* TestApp-NoteList.app */;
			productType = "com.apple.product-type.application";
		};
/* End PBXNativeTarget section */

/* Begin PBXProject section */
		2D076BBE299D0645008562A1 /* Project object */ = {
			isa = PBXProject;
			attributes = {
				BuildIndependentTargetsInParallel = 1;
				LastSwiftUpdateCheck = 1340;
				LastUpgradeCheck = 1340;
				TargetAttributes = {
					2D076BC5299D0645008562A1 = {
						CreatedOnToolsVersion = 13.4.1;
					};
				};
			};
			buildConfigurationList = 2D076BC1299D0645008562A1 /* Build configuration list for PBXProject "TestApp-NoteList" */;
			compatibilityVersion = "Xcode 13.0";
			developmentRegion = en;
			hasScannedForEncodings = 0;
			knownRegions = (
				en,
				Base,
			);
			mainGroup = 2D076BBD299D0645008562A1;
			productRefGroup = 2D076BC7299D0645008562A1 /* Products */;
			projectDirPath = "";
			projectRoot = "";
			targets = (
				2D076BC5299D0645008562A1 /* TestApp-NoteList */,
			);
		};
/* End PBXProject section */

/* Begin PBXResourcesBuildPhase section */
		2D076BC4299D0645008562A1 /* Resources */ = {
			isa = PBXResourcesBuildPhase;
			buildActionMask = 2147483647;
			files = (
				2D076BD1299D0647008562A1 /* Preview Assets.xcassets in Resources */,
				2D076BCE299D0647008562A1 /* Assets.xcassets in Resources */,
			);
			runOnlyForDeploymentPostprocessing = 0;
		};
/* End PBXResourcesBuildPhase section */

/* Begin PBXSourcesBuildPhase section */
		2D076BC2299D0645008562A1 /* Sources */ = {
			isa = PBXSourcesBuildPhase;
			buildActionMask = 2147483647;
			files = (
				2D076C0C299ED578008562A1 /* Font+Extensions.swift in Sources */,
				2D076C09299E6B73008562A1 /* NoteListViewModel.swift in Sources */,
				2D076BDF299D0B1B008562A1 /* EditNoteView.swift in Sources */,
				2D076BE4299D1291008562A1 /* Note.swift in Sources */,
				2D076BE2299D11D9008562A1 /* NoteListContainer.xcdatamodeld in Sources */,
				2D076BE8299D1C9B008562A1 /* EditNoteViewModel.swift in Sources */,
				2DE78FBD29A06BA300BBC293 /* View+Extenshions.swift in Sources */,
				2DE78FB729A0019D00BBC293 /* ImagePicker.swift in Sources */,
				2D076BCA299D0645008562A1 /* TestApp_NoteListApp.swift in Sources */,
				2D076BE6299D1827008562A1 /* CoreDataManager.swift in Sources */,
				2D076BDD299D082D008562A1 /* NoteListView.swift in Sources */,
			);
			runOnlyForDeploymentPostprocessing = 0;
		};
/* End PBXSourcesBuildPhase section */

/* Begin XCBuildConfiguration section */
		2D076BD7299D0647008562A1 /* Debug */ = {
			isa = XCBuildConfiguration;
			buildSettings = {
				ALWAYS_SEARCH_USER_PATHS = NO;
				CLANG_ANALYZER_NONNULL = YES;
				CLANG_ANALYZER_NUMBER_OBJECT_CONVERSION = YES_AGGRESSIVE;
				CLANG_CXX_LANGUAGE_STANDARD = "gnu++17";
				CLANG_ENABLE_MODULES = YES;
				CLANG_ENABLE_OBJC_ARC = YES;
				CLANG_ENABLE_OBJC_WEAK = YES;
				CLANG_WARN_BLOCK_CAPTURE_AUTORELEASING = YES;
				CLANG_WARN_BOOL_CONVERSION = YES;
				CLANG_WARN_COMMA = YES;
				CLANG_WARN_CONSTANT_CONVERSION = YES;
				CLANG_WARN_DEPRECATED_OBJC_IMPLEMENTATIONS = YES;
				CLANG_WARN_DIRECT_OBJC_ISA_USAGE = YES_ERROR;
				CLANG_WARN_DOCUMENTATION_COMMENTS = YES;
				CLANG_WARN_EMPTY_BODY = YES;
				CLANG_WARN_ENUM_CONVERSION = YES;
				CLANG_WARN_INFINITE_RECURSION = YES;
				CLANG_WARN_INT_CONVERSION = YES;
				CLANG_WARN_NON_LITERAL_NULL_CONVERSION = YES;
				CLANG_WARN_OBJC_IMPLICIT_RETAIN_SELF = YES;
				CLANG_WARN_OBJC_LITERAL_CONVERSION = YES;
				CLANG_WARN_OBJC_ROOT_CLASS = YES_ERROR;
				CLANG_WARN_QUOTED_INCLUDE_IN_FRAMEWORK_HEADER = YES;
				CLANG_WARN_RANGE_LOOP_ANALYSIS = YES;
				CLANG_WARN_STRICT_PROTOTYPES = YES;
				CLANG_WARN_SUSPICIOUS_MOVE = YES;
				CLANG_WARN_UNGUARDED_AVAILABILITY = YES_AGGRESSIVE;
				CLANG_WARN_UNREACHABLE_CODE = YES;
				CLANG_WARN__DUPLICATE_METHOD_MATCH = YES;
				COPY_PHASE_STRIP = NO;
				DEBUG_INFORMATION_FORMAT = dwarf;
				ENABLE_STRICT_OBJC_MSGSEND = YES;
				ENABLE_TESTABILITY = YES;
				GCC_C_LANGUAGE_STANDARD = gnu11;
				GCC_DYNAMIC_NO_PIC = NO;
				GCC_NO_COMMON_BLOCKS = YES;
				GCC_OPTIMIZATION_LEVEL = 0;
				GCC_PREPROCESSOR_DEFINITIONS = (
					"DEBUG=1",
					"$(inherited)",
				);
				GCC_WARN_64_TO_32_BIT_CONVERSION = YES;
				GCC_WARN_ABOUT_RETURN_TYPE = YES_ERROR;
				GCC_WARN_UNDECLARED_SELECTOR = YES;
				GCC_WARN_UNINITIALIZED_AUTOS = YES_AGGRESSIVE;
				GCC_WARN_UNUSED_FUNCTION = YES;
				GCC_WARN_UNUSED_VARIABLE = YES;
				IPHONEOS_DEPLOYMENT_TARGET = 14.5;
				MTL_ENABLE_DEBUG_INFO = INCLUDE_SOURCE;
				MTL_FAST_MATH = YES;
				ONLY_ACTIVE_ARCH = YES;
				SDKROOT = iphoneos;
				SWIFT_ACTIVE_COMPILATION_CONDITIONS = DEBUG;
				SWIFT_OPTIMIZATION_LEVEL = "-Onone";
			};
			name = Debug;
		};
		2D076BD8299D0647008562A1 /* Release */ = {
			isa = XCBuildConfiguration;
			buildSettings = {
				ALWAYS_SEARCH_USER_PATHS = NO;
				CLANG_ANALYZER_NONNULL = YES;
				CLANG_ANALYZER_NUMBER_OBJECT_CONVERSION = YES_AGGRESSIVE;
				CLANG_CXX_LANGUAGE_STANDARD = "gnu++17";
				CLANG_ENABLE_MODULES = YES;
				CLANG_ENABLE_OBJC_ARC = YES;
				CLANG_ENABLE_OBJC_WEAK = YES;
				CLANG_WARN_BLOCK_CAPTURE_AUTORELEASING = YES;
				CLANG_WARN_BOOL_CONVERSION = YES;
				CLANG_WARN_COMMA = YES;
				CLANG_WARN_CONSTANT_CONVERSION = YES;
				CLANG_WARN_DEPRECATED_OBJC_IMPLEMENTATIONS = YES;
				CLANG_WARN_DIRECT_OBJC_ISA_USAGE = YES_ERROR;
				CLANG_WARN_DOCUMENTATION_COMMENTS = YES;
				CLANG_WARN_EMPTY_BODY = YES;
				CLANG_WARN_ENUM_CONVERSION = YES;
				CLANG_WARN_INFINITE_RECURSION = YES;
				CLANG_WARN_INT_CONVERSION = YES;
				CLANG_WARN_NON_LITERAL_NULL_CONVERSION = YES;
				CLANG_WARN_OBJC_IMPLICIT_RETAIN_SELF = YES;
				CLANG_WARN_OBJC_LITERAL_CONVERSION = YES;
				CLANG_WARN_OBJC_ROOT_CLASS = YES_ERROR;
				CLANG_WARN_QUOTED_INCLUDE_IN_FRAMEWORK_HEADER = YES;
				CLANG_WARN_RANGE_LOOP_ANALYSIS = YES;
				CLANG_WARN_STRICT_PROTOTYPES = YES;
				CLANG_WARN_SUSPICIOUS_MOVE = YES;
				CLANG_WARN_UNGUARDED_AVAILABILITY = YES_AGGRESSIVE;
				CLANG_WARN_UNREACHABLE_CODE = YES;
				CLANG_WARN__DUPLICATE_METHOD_MATCH = YES;
				COPY_PHASE_STRIP = NO;
				DEBUG_INFORMATION_FORMAT = "dwarf-with-dsym";
				ENABLE_NS_ASSERTIONS = NO;
				ENABLE_STRICT_OBJC_MSGSEND = YES;
				GCC_C_LANGUAGE_STANDARD = gnu11;
				GCC_NO_COMMON_BLOCKS = YES;
				GCC_WARN_64_TO_32_BIT_CONVERSION = YES;
				GCC_WARN_ABOUT_RETURN_TYPE = YES_ERROR;
				GCC_WARN_UNDECLARED_SELECTOR = YES;
				GCC_WARN_UNINITIALIZED_AUTOS = YES_AGGRESSIVE;
				GCC_WARN_UNUSED_FUNCTION = YES;
				GCC_WARN_UNUSED_VARIABLE = YES;
				IPHONEOS_DEPLOYMENT_TARGET = 14.5;
				MTL_ENABLE_DEBUG_INFO = NO;
				MTL_FAST_MATH = YES;
				SDKROOT = iphoneos;
				SWIFT_COMPILATION_MODE = wholemodule;
				SWIFT_OPTIMIZATION_LEVEL = "-O";
				VALIDATE_PRODUCT = YES;
			};
			name = Release;
		};
		2D076BDA299D0647008562A1 /* Debug */ = {
			isa = XCBuildConfiguration;
			buildSettings = {
				ASSETCATALOG_COMPILER_APPICON_NAME = AppIcon;
				ASSETCATALOG_COMPILER_GLOBAL_ACCENT_COLOR_NAME = AccentColor;
				CODE_SIGN_STYLE = Automatic;
				CURRENT_PROJECT_VERSION = 1;
				DEVELOPMENT_ASSET_PATHS = "\"TestApp-NoteList/Preview Content\"";
				DEVELOPMENT_TEAM = 46YHF3B432;
				ENABLE_PREVIEWS = YES;
				GENERATE_INFOPLIST_FILE = YES;
				INFOPLIST_KEY_UIApplicationSceneManifest_Generation = YES;
				INFOPLIST_KEY_UIApplicationSupportsIndirectInputEvents = YES;
				INFOPLIST_KEY_UILaunchScreen_Generation = YES;
				INFOPLIST_KEY_UISupportedInterfaceOrientations = UIInterfaceOrientationPortrait;
				INFOPLIST_KEY_UISupportedInterfaceOrientations_iPad = "UIInterfaceOrientationPortrait UIInterfaceOrientationPortraitUpsideDown UIInterfaceOrientationLandscapeLeft UIInterfaceOrientationLandscapeRight";
				INFOPLIST_KEY_UISupportedInterfaceOrientations_iPhone = "UIInterfaceOrientationPortrait UIInterfaceOrientationLandscapeLeft UIInterfaceOrientationLandscapeRight";
				IPHONEOS_DEPLOYMENT_TARGET = 14.5;
				LD_RUNPATH_SEARCH_PATHS = (
					"$(inherited)",
					"@executable_path/Frameworks",
				);
				MARKETING_VERSION = 1.0;
				PRODUCT_BUNDLE_IDENTIFIER = "NSE.TestApp-NoteList";
				PRODUCT_NAME = "$(TARGET_NAME)";
				SWIFT_EMIT_LOC_STRINGS = YES;
				SWIFT_VERSION = 5.0;
				TARGETED_DEVICE_FAMILY = 1;
			};
			name = Debug;
		};
		2D076BDB299D0647008562A1 /* Release */ = {
			isa = XCBuildConfiguration;
			buildSettings = {
				ASSETCATALOG_COMPILER_APPICON_NAME = AppIcon;
				ASSETCATALOG_COMPILER_GLOBAL_ACCENT_COLOR_NAME = AccentColor;
				CODE_SIGN_STYLE = Automatic;
				CURRENT_PROJECT_VERSION = 1;
				DEVELOPMENT_ASSET_PATHS = "\"TestApp-NoteList/Preview Content\"";
				DEVELOPMENT_TEAM = 46YHF3B432;
				ENABLE_PREVIEWS = YES;
				GENERATE_INFOPLIST_FILE = YES;
				INFOPLIST_KEY_UIApplicationSceneManifest_Generation = YES;
				INFOPLIST_KEY_UIApplicationSupportsIndirectInputEvents = YES;
				INFOPLIST_KEY_UILaunchScreen_Generation = YES;
				INFOPLIST_KEY_UISupportedInterfaceOrientations = UIInterfaceOrientationPortrait;
				INFOPLIST_KEY_UISupportedInterfaceOrientations_iPad = "UIInterfaceOrientationPortrait UIInterfaceOrientationPortraitUpsideDown UIInterfaceOrientationLandscapeLeft UIInterfaceOrientationLandscapeRight";
				INFOPLIST_KEY_UISupportedInterfaceOrientations_iPhone = "UIInterfaceOrientationPortrait UIInterfaceOrientationLandscapeLeft UIInterfaceOrientationLandscapeRight";
				IPHONEOS_DEPLOYMENT_TARGET = 14.5;
				LD_RUNPATH_SEARCH_PATHS = (
					"$(inherited)",
					"@executable_path/Frameworks",
				);
				MARKETING_VERSION = 1.0;
				PRODUCT_BUNDLE_IDENTIFIER = "NSE.TestApp-NoteList";
				PRODUCT_NAME = "$(TARGET_NAME)";
				SWIFT_EMIT_LOC_STRINGS = YES;
				SWIFT_VERSION = 5.0;
				TARGETED_DEVICE_FAMILY = 1;
			};
			name = Release;
		};
/* End XCBuildConfiguration section */

/* Begin XCConfigurationList section */
		2D076BC1299D0645008562A1 /* Build configuration list for PBXProject "TestApp-NoteList" */ = {
			isa = XCConfigurationList;
			buildConfigurations = (
				2D076BD7299D0647008562A1 /* Debug */,
				2D076BD8299D0647008562A1 /* Release */,
			);
			defaultConfigurationIsVisible = 0;
			defaultConfigurationName = Release;
		};
		2D076BD9299D0647008562A1 /* Build configuration list for PBXNativeTarget "TestApp-NoteList" */ = {
			isa = XCConfigurationList;
			buildConfigurations = (
				2D076BDA299D0647008562A1 /* Debug */,
				2D076BDB299D0647008562A1 /* Release */,
			);
			defaultConfigurationIsVisible = 0;
			defaultConfigurationName = Release;
		};
/* End XCConfigurationList section */

/* Begin XCVersionGroup section */
		2D076BE0299D11D9008562A1 /* NoteListContainer.xcdatamodeld */ = {
			isa = XCVersionGroup;
			children = (
				2D076BE1299D11D9008562A1 /* NoteListDataModel.xcdatamodel */,
			);
			currentVersion = 2D076BE1299D11D9008562A1 /* NoteListDataModel.xcdatamodel */;
			path = NoteListContainer.xcdatamodeld;
			sourceTree = "<group>";
			versionGroupType = wrapper.xcdatamodel;
		};
/* End XCVersionGroup section */
	};
	rootObject = 2D076BBE299D0645008562A1 /* Project object */;
}
